
Microsoft Visual Studio Solution File, Format Version 12.00
# Visual Studio Version 16
VisualStudioVersion = 16.0.31729.503
MinimumVisualStudioVersion = 10.0.40219.1
Project("{FAE04EC0-301F-11D3-BF4B-00C04F79EFBC}") = "Programming_Task", "Programming_Task\Programming_Task.csproj", "{1E97B77C-3E7A-4FEB-B192-A8962D59F5F9}"
EndProject
Global
	GlobalSection(SolutionConfigurationPlatforms) = preSolution
		Debug|Any CPU = Debug|Any CPU
		Release|Any CPU = Release|Any CPU
	EndGlobalSection
	GlobalSection(ProjectConfigurationPlatforms) = postSolution
		{1E97B77C-3E7A-4FEB-B192-A8962D59F5F9}.Debug|Any CPU.ActiveCfg = Debug|Any CPU
		{1E97B77C-3E7A-4FEB-B192-A8962D59F5F9}.Debug|Any CPU.Build.0 = Debug|Any CPU
		{1E97B77C-3E7A-4FEB-B192-A8962D59F5F9}.Release|Any CPU.ActiveCfg = Release|Any CPU
		{1E97B77C-3E7A-4FEB-B192-A8962D59F5F9}.Release|Any CPU.Build.0 = Release|Any CPU
	EndGlobalSection
	GlobalSection(SolutionProperties) = preSolution
		HideSolutionNode = FALSE
	EndGlobalSection
	GlobalSection(ExtensibilityGlobals) = postSolution
		SolutionGuid = {F26BFB82-C268-43C8-A6A9-813A26059827}
	EndGlobalSection
EndGlobal
